
Microsoft Visual Studio Solution File, Format Version 12.00
# Visual Studio Version 16
VisualStudioVersion = 16.0.31025.194
MinimumVisualStudioVersion = 10.0.40219.1
Project("{FAE04EC0-301F-11D3-BF4B-00C04F79EFBC}") = "SteakMarket", "SteakMarket.csproj", "{27F3E67E-A415-4C99-B637-24870822B8A0}"
EndProject
Global
	GlobalSection(SolutionConfigurationPlatforms) = preSolution
		Debug|Any CPU = Debug|Any CPU
		Release|Any CPU = Release|Any CPU
	EndGlobalSection
	GlobalSection(ProjectConfigurationPlatforms) = postSolution
		{27F3E67E-A415-4C99-B637-24870822B8A0}.Debug|Any CPU.ActiveCfg = Debug|Any CPU
		{27F3E67E-A415-4C99-B637-24870822B8A0}.Debug|Any CPU.Build.0 = Debug|Any CPU
		{27F3E67E-A415-4C99-B637-24870822B8A0}.Release|Any CPU.ActiveCfg = Release|Any CPU
		{27F3E67E-A415-4C99-B637-24870822B8A0}.Release|Any CPU.Build.0 = Release|Any CPU
	EndGlobalSection
	GlobalSection(SolutionProperties) = preSolution
		HideSolutionNode = FALSE
	EndGlobalSection
	GlobalSection(ExtensibilityGlobals) = postSolution
		SolutionGuid = {FBFCB731-867B-4C22-97D9-6571388BDA49}
	EndGlobalSection
EndGlobal
